
Microsoft Visual Studio Solution File, Format Version 12.00
# Visual Studio 2012
Project("{FAE04EC0-301F-11D3-BF4B-00C04F79EFBC}") = "PrismEventAggregation", "PrismEventAggregation\PrismEventAggregation.csproj", "{3D186210-42DC-4AE7-8AFD-D4E014A63184}"
EndProject
Project("{FAE04EC0-301F-11D3-BF4B-00C04F79EFBC}") = "Common", "Common\Common.csproj", "{FBAEBC15-4EA7-4F67-B923-94403D6A46E1}"
EndProject
Project("{FAE04EC0-301F-11D3-BF4B-00C04F79EFBC}") = "Module2", "Module2\Module2.csproj", "{AB822C1D-C91B-40FB-9600-5C3A8081E27D}"
EndProject
Project("{FAE04EC0-301F-11D3-BF4B-00C04F79EFBC}") = "Module1", "Module1\Module1.csproj", "{DC492A82-8EE5-4886-8CAF-07EE908B61F8}"
EndProject
Project("{2150E333-8FDC-42A3-9474-1A3956D46DE8}") = "Solution Items", "Solution Items", "{48D52B80-7DFC-4A04-A5EC-BDCF62B59C28}"
	ProjectSection(SolutionItems) = preProject
		ReadMe.txt = ReadMe.txt
	EndProjectSection
EndProject
Global
	GlobalSection(SolutionConfigurationPlatforms) = preSolution
		Debug|Any CPU = Debug|Any CPU
		Release|Any CPU = Release|Any CPU
	EndGlobalSection
	GlobalSection(ProjectConfigurationPlatforms) = postSolution
		{3D186210-42DC-4AE7-8AFD-D4E014A63184}.Debug|Any CPU.ActiveCfg = Debug|Any CPU
		{3D186210-42DC-4AE7-8AFD-D4E014A63184}.Debug|Any CPU.Build.0 = Debug|Any CPU
		{3D186210-42DC-4AE7-8AFD-D4E014A63184}.Release|Any CPU.ActiveCfg = Release|Any CPU
		{3D186210-42DC-4AE7-8AFD-D4E014A63184}.Release|Any CPU.Build.0 = Release|Any CPU
		{FBAEBC15-4EA7-4F67-B923-94403D6A46E1}.Debug|Any CPU.ActiveCfg = Debug|Any CPU
		{FBAEBC15-4EA7-4F67-B923-94403D6A46E1}.Debug|Any CPU.Build.0 = Debug|Any CPU
		{FBAEBC15-4EA7-4F67-B923-94403D6A46E1}.Release|Any CPU.ActiveCfg = Release|Any CPU
		{FBAEBC15-4EA7-4F67-B923-94403D6A46E1}.Release|Any CPU.Build.0 = Release|Any CPU
		{AB822C1D-C91B-40FB-9600-5C3A8081E27D}.Debug|Any CPU.ActiveCfg = Debug|Any CPU
		{AB822C1D-C91B-40FB-9600-5C3A8081E27D}.Debug|Any CPU.Build.0 = Debug|Any CPU
		{AB822C1D-C91B-40FB-9600-5C3A8081E27D}.Release|Any CPU.ActiveCfg = Release|Any CPU
		{AB822C1D-C91B-40FB-9600-5C3A8081E27D}.Release|Any CPU.Build.0 = Release|Any CPU
		{DC492A82-8EE5-4886-8CAF-07EE908B61F8}.Debug|Any CPU.ActiveCfg = Debug|Any CPU
		{DC492A82-8EE5-4886-8CAF-07EE908B61F8}.Debug|Any CPU.Build.0 = Debug|Any CPU
		{DC492A82-8EE5-4886-8CAF-07EE908B61F8}.Release|Any CPU.ActiveCfg = Release|Any CPU
		{DC492A82-8EE5-4886-8CAF-07EE908B61F8}.Release|Any CPU.Build.0 = Release|Any CPU
	EndGlobalSection
	GlobalSection(SolutionProperties) = preSolution
		HideSolutionNode = FALSE
	EndGlobalSection
EndGlobal
