
Microsoft Visual Studio Solution File, Format Version 12.00
# Visual Studio 2012
Project("{FAE04EC0-301F-11D3-BF4B-00C04F79EFBC}") = "WpfTargetedTriggerAction", "WpfTargetedTriggerAction\WpfTargetedTriggerAction.csproj", "{B00F7066-D130-46DC-A4E3-654D7F5DEDEC}"
EndProject
Global
	GlobalSection(SolutionConfigurationPlatforms) = preSolution
		Debug|Any CPU = Debug|Any CPU
		Release|Any CPU = Release|Any CPU
	EndGlobalSection
	GlobalSection(ProjectConfigurationPlatforms) = postSolution
		{B00F7066-D130-46DC-A4E3-654D7F5DEDEC}.Debug|Any CPU.ActiveCfg = Debug|Any CPU
		{B00F7066-D130-46DC-A4E3-654D7F5DEDEC}.Debug|Any CPU.Build.0 = Debug|Any CPU
		{B00F7066-D130-46DC-A4E3-654D7F5DEDEC}.Release|Any CPU.ActiveCfg = Release|Any CPU
		{B00F7066-D130-46DC-A4E3-654D7F5DEDEC}.Release|Any CPU.Build.0 = Release|Any CPU
	EndGlobalSection
	GlobalSection(SolutionProperties) = preSolution
		HideSolutionNode = FALSE
	EndGlobalSection
EndGlobal
