
Microsoft Visual Studio Solution File, Format Version 12.00
# Visual Studio 2012
Project("{FAE04EC0-301F-11D3-BF4B-00C04F79EFBC}") = "TestChartApp", "TestChartApp\TestChartApp.csproj", "{DFBB639D-34DA-43BA-A76A-2387EFB0F62D}"
EndProject
Global
	GlobalSection(SolutionConfigurationPlatforms) = preSolution
		Debug|Any CPU = Debug|Any CPU
		Release|Any CPU = Release|Any CPU
	EndGlobalSection
	GlobalSection(ProjectConfigurationPlatforms) = postSolution
		{DFBB639D-34DA-43BA-A76A-2387EFB0F62D}.Debug|Any CPU.ActiveCfg = Debug|Any CPU
		{DFBB639D-34DA-43BA-A76A-2387EFB0F62D}.Debug|Any CPU.Build.0 = Debug|Any CPU
		{DFBB639D-34DA-43BA-A76A-2387EFB0F62D}.Release|Any CPU.ActiveCfg = Release|Any CPU
		{DFBB639D-34DA-43BA-A76A-2387EFB0F62D}.Release|Any CPU.Build.0 = Release|Any CPU
	EndGlobalSection
	GlobalSection(SolutionProperties) = preSolution
		HideSolutionNode = FALSE
	EndGlobalSection
EndGlobal
